# This file is automatically @generated by Cargo.
# It is not intended for manual editing.
version = 4

[[package]]
name = "adler2"
version = "2.0.1"
source = "registry+https://github.com/rust-lang/crates.io-index"
checksum = "320119579fcad9c21884f5c4861d16174d0e06250625266f50fe6898340abefa"

[[package]]
name = "allocator-api2"
version = "0.2.21"
source = "registry+https://github.com/rust-lang/crates.io-index"
checksum = "683d7910e743518b0e34f1186f92494becacb047c7b6bf616c96772180fef923"

[[package]]
name = "autocfg"
version = "1.5.1"
source = "registry+https://github.com/rust-lang/crates.io-index"
checksum = "f2032f911046de80f0a198e0901378627c33f59ea0ac00e363d481118bd70a53"

[[package]]
name = "base64"
version = "0.23.0"
source = "registry+https://github.com/rust-lang/crates.io-index"
checksum = "b25655df2c3cdd83c5e5b293b88acd880332b2ddadd7c30ac43144fdc0033da9"

[[package]]
name = "base64-simd"
version = "0.8.0"
source = "registry+https://github.com/rust-lang/crates.io-index"
checksum = "339abbe78e73178762e23bea9dfd08e697eb3f3301cd4be981c0f78ba5859195"
dependencies = [
 "outref",
 "vsimd",
]

[[package]]
name = "bitflags"
version = "2.13.1"
source = "registry+https://github.com/rust-lang/crates.io-index"
checksum = "b588b76d00fde79687d7646a9b5bdf3cc0f655e0bbd080335a95d7e96f3587da"

[[package]]
name = "castaway"
version = "0.2.4"
source = "registry+https://github.com/rust-lang/crates.io-index"
checksum = "dec551ab6e7578819132c713a93c022a05d60159dc86e7a7050223577484c55a"
dependencies = [
 "rustversion",
]

[[package]]
name = "cfg-if"
version = "1.0.4"
source = "registry+https://github.com/rust-lang/crates.io-index"
checksum = "9330f8b2ff13f34540b44e946ef35111825727b38d33286ef986142615121801"

[[package]]
name = "cobs"
version = "0.3.0"
source = "registry+https://github.com/rust-lang/crates.io-index"
checksum = "0fa961b519f0b462e3a3b4a34b64d119eeaca1d59af726fe450bbba07a9fc0a1"
dependencies = [
 "thiserror",
]

[[package]]
name = "compact_str"
version = "0.10.0"
source = "registry+https://github.com/rust-lang/crates.io-index"
checksum = "79fcda08c33bb58b97008b2cdada6622500e949e060f5913361763121abd2416"
dependencies = [
 "castaway",
 "cfg-if",
 "itoa",
 "static_assertions",
 "zmij",
]

[[package]]
name = "cow-utils"
version = "0.1.3"
source = "registry+https://github.com/rust-lang/crates.io-index"
checksum = "417bef24afe1460300965a25ff4a24b8b45ad011948302ec221e8a0a81eb2c79"

[[package]]
name = "dragonbox_ecma"
version = "0.1.12"
source = "registry+https://github.com/rust-lang/crates.io-index"
checksum = "fd8e701084c37e7ef62d3f9e453b618130cbc0ef3573847785952a3ac3f746bf"

[[package]]
name = "either"
version = "1.17.0"
source = "registry+https://github.com/rust-lang/crates.io-index"
checksum = "9e5e8f6c15a24b9a3ee5efec809ccd006d3b30e8b3bb63c39af737c7f87daa1d"

[[package]]
name = "embedded-io"
version = "0.4.0"
source = "registry+https://github.com/rust-lang/crates.io-index"
checksum = "ef1a6892d9eef45c8fa6b9e0086428a2cca8491aca8f787c534a3d6d0bcb3ced"

[[package]]
name = "embedded-io"
version = "0.6.1"
source = "registry+https://github.com/rust-lang/crates.io-index"
checksum = "edd0f118536f44f5ccd48bcb8b111bdc3de888b58c74639dfb034a357d0f206d"

[[package]]
name = "equivalent"
version = "1.0.2"
source = "registry+https://github.com/rust-lang/crates.io-index"
checksum = "877a4ace8713b0bcf2a4e7eec82529c029f1d0619886d18145fea96c3ffe5c0f"

[[package]]
name = "fastrand"
version = "2.5.0"
source = "registry+https://github.com/rust-lang/crates.io-index"
checksum = "da7c62ceae207dd37ea5b845da6a0696c799f85e97da1ab5b7910be3c1c80223"

[[package]]
name = "hashbrown"
version = "0.17.1"
source = "registry+https://github.com/rust-lang/crates.io-index"
checksum = "ed5909b6e89a2db4456e54cd5f673791d7eca6732202bbf2a9cc504fe2f9b84a"
dependencies = [
 "allocator-api2",
]

[[package]]
name = "hmac-sha1-compact"
version = "1.1.7"
source = "registry+https://github.com/rust-lang/crates.io-index"
checksum = "b0b3ba31f6dc772cc8221ce81dbbbd64fa1e668255a6737d95eeace59b5a8823"

[[package]]
name = "indexmap"
version = "2.14.0"
source = "registry+https://github.com/rust-lang/crates.io-index"
checksum = "d466e9454f08e4a911e14806c24e16fba1b4c121d1ea474396f396069cf949d9"
dependencies = [
 "equivalent",
 "hashbrown",
]

[[package]]
name = "itertools"
version = "0.15.0"
source = "registry+https://github.com/rust-lang/crates.io-index"
checksum = "8b4baf93f58d4425749ca49a51c50ebab072c5df6994d08fed93541c331481dc"
dependencies = [
 "either",
]

[[package]]
name = "itoa"
version = "1.0.18"
source = "registry+https://github.com/rust-lang/crates.io-index"
checksum = "8f42a60cbdf9a97f5d2305f08a87dc4e09308d1276d28c869c684d7777685682"

[[package]]
name = "json-escape-simd"
version = "3.1.1"
source = "registry+https://github.com/rust-lang/crates.io-index"
checksum = "c22a2041e3874a055a4eb03ea2395aaccdefa84ce75b31d542d72a741c3c6ad3"

[[package]]
name = "memchr"
version = "2.8.3"
source = "registry+https://github.com/rust-lang/crates.io-index"
checksum = "cf8baf1c55e62ffcace7a9f06f4bd9cd3f0c4beb022d3b367256b91b87513d98"

[[package]]
name = "miniz_oxide"
version = "0.9.1"
source = "registry+https://github.com/rust-lang/crates.io-index"
checksum = "b63fbc4a50860e98e7b2aa7804ded1db5cbc3aff9193adaff57a6931bf7c4b4c"
dependencies = [
 "adler2",
]

[[package]]
name = "nonmax"
version = "0.5.5"
source = "registry+https://github.com/rust-lang/crates.io-index"
checksum = "610a5acd306ec67f907abe5567859a3c693fb9886eb1f012ab8f2a47bef3db51"

[[package]]
name = "num-bigint"
version = "0.5.1"
source = "registry+https://github.com/rust-lang/crates.io-index"
checksum = "93e7820bc0a80a0238e650327316f929ba18d5be054b647490a3a6a339f3e7c0"
dependencies = [
 "num-integer",
 "num-traits",
]

[[package]]
name = "num-integer"
version = "0.1.46"
source = "registry+https://github.com/rust-lang/crates.io-index"
checksum = "7969661fd2958a5cb096e56c8e1ad0444ac2bbcd0061bd28660485a44879858f"
dependencies = [
 "num-traits",
]

[[package]]
name = "num-traits"
version = "0.2.19"
source = "registry+https://github.com/rust-lang/crates.io-index"
checksum = "071dfc062690e90b734c0b2273ce72ad0ffa95f0c74596bc250dcfd960262841"
dependencies = [
 "autocfg",
]

[[package]]
name = "outref"
version = "0.5.2"
source = "registry+https://github.com/rust-lang/crates.io-index"
checksum = "1a80800c0488c3a21695ea981a54918fbb37abf04f4d0720c453632255e2ff0e"

[[package]]
name = "owo-colors"
version = "4.3.0"
source = "registry+https://github.com/rust-lang/crates.io-index"
checksum = "d211803b9b6b570f68772237e415a029d5a50c65d382910b879fb19d3271f94d"

[[package]]
name = "oxc"
version = "0.142.0"
source = "registry+https://github.com/rust-lang/crates.io-index"
checksum = "3a2f3850f9c17cf057e341acade3a7a59cc233a85c4645fb5fa38e530090e0a6"
dependencies = [
 "oxc_allocator",
 "oxc_ast",
 "oxc_ast_visit",
 "oxc_codegen",
 "oxc_diagnostics",
 "oxc_isolated_declarations",
 "oxc_mangler",
 "oxc_minifier",
 "oxc_parser",
 "oxc_regular_expression",
 "oxc_semantic",
 "oxc_span",
 "oxc_str",
 "oxc_syntax",
 "oxc_transformer",
 "oxc_transformer_plugins",
]

[[package]]
name = "oxc-browserslist"
version = "3.0.12"
source = "registry+https://github.com/rust-lang/crates.io-index"
checksum = "6967692b4c51de292573c3f5eed236b6df29ac47d122379ad3a9d209776a9cf3"
dependencies = [
 "miniz_oxide",
 "postcard",
 "rustc-hash",
 "serde",
 "thiserror",
]

[[package]]
name = "oxc-demo"
version = "0.1.0"
dependencies = [
 "oxc",
]

[[package]]
name = "oxc-miette"
version = "3.0.1"
source = "registry+https://github.com/rust-lang/crates.io-index"
checksum = "2e0df30faa68797917ca4263e7a2f889ec829e4da2dcb3d6dc752f7a494180f3"
dependencies = [
 "cfg-if",
 "memchr",
 "owo-colors",
 "oxc-miette-derive",
 "textwrap",
 "thiserror",
 "unicode-segmentation",
 "unicode-width",
]

[[package]]
name = "oxc-miette-derive"
version = "3.0.1"
source = "registry+https://github.com/rust-lang/crates.io-index"
checksum = "acc072d11d45ebe7801459b4e829184ba0934d68027fdc51d327335b53a95a49"
dependencies = [
 "proc-macro2",
 "quote",
 "syn 2.0.119",
]

[[package]]
name = "oxc_allocator"
version = "0.142.0"
source = "registry+https://github.com/rust-lang/crates.io-index"
checksum = "ae912912216c33ad0fb27a544160f3833a5e92a1216d7c4b9aa79a94b39aee98"
dependencies = [
 "allocator-api2",
 "hashbrown",
 "oxc_data_structures",
 "rustc-hash",
]

[[package]]
name = "oxc_ast"
version = "0.142.0"
source = "registry+https://github.com/rust-lang/crates.io-index"
checksum = "6f0d567d1a93714e4b6b14eabe76c45581a25f418f47c297911a43fe4ee99615"
dependencies = [
 "bitflags",
 "oxc_allocator",
 "oxc_ast_macros",
 "oxc_data_structures",
 "oxc_diagnostics",
 "oxc_estree",
 "oxc_regular_expression",
 "oxc_span",
 "oxc_str",
 "oxc_syntax",
]

[[package]]
name = "oxc_ast_macros"
version = "0.142.0"
source = "registry+https://github.com/rust-lang/crates.io-index"
checksum = "a3fff81fa6fffffcf13826a6bc352e402a9197ac88ca286e2b09a0c538904708"
dependencies = [
 "phf",
 "proc-macro2",
 "quote",
 "syn 3.0.3",
]

[[package]]
name = "oxc_ast_visit"
version = "0.142.0"
source = "registry+https://github.com/rust-lang/crates.io-index"
checksum = "d13c8c77043e21d491840a6d52aa00f3ed1432662b096665b6ad702626f3ec5e"
dependencies = [
 "oxc_allocator",
 "oxc_ast",
 "oxc_span",
 "oxc_syntax",
]

[[package]]
name = "oxc_codegen"
version = "0.142.0"
source = "registry+https://github.com/rust-lang/crates.io-index"
checksum = "d357ba20fd02298c5779c021b52aaaf95a3852c1e64ed791259bdb14e011dbfe"
dependencies = [
 "bitflags",
 "cow-utils",
 "oxc_allocator",
 "oxc_ast",
 "oxc_data_structures",
 "oxc_ecmascript",
 "oxc_index",
 "oxc_semantic",
 "oxc_sourcemap",
 "oxc_span",
 "oxc_str",
 "oxc_syntax",
 "rustc-hash",
]

[[package]]
name = "oxc_compat"
version = "0.142.0"
source = "registry+https://github.com/rust-lang/crates.io-index"
checksum = "99098c71634f822a5906cc3246a1bf8394351f440a7e45df38a9147abc03bb3e"
dependencies = [
 "cow-utils",
 "oxc-browserslist",
 "oxc_syntax",
 "rustc-hash",
 "serde",
]

[[package]]
name = "oxc_data_structures"
version = "0.142.0"
source = "registry+https://github.com/rust-lang/crates.io-index"
checksum = "2d7793b9a760ff426782915100e1f91b4a653873a5b681576214a6eb495d498a"
dependencies = [
 "ropey",
]

[[package]]
name = "oxc_diagnostics"
version = "0.142.0"
source = "registry+https://github.com/rust-lang/crates.io-index"
checksum = "a401193a5bc7f8acc2665763ea5876cad4a64e4e85c55133376620906e34b9e1"
dependencies = [
 "cow-utils",
 "oxc-miette",
 "percent-encoding",
]

[[package]]
name = "oxc_ecmascript"
version = "0.142.0"
source = "registry+https://github.com/rust-lang/crates.io-index"
checksum = "9f099596aa0f5cb1aac154f7833abc02e0205aac19ce8b2bd21ee1e52973de61"
dependencies = [
 "cow-utils",
 "dragonbox_ecma",
 "itoa",
 "num-bigint",
 "num-traits",
 "oxc_allocator",
 "oxc_ast",
 "oxc_compat",
 "oxc_data_structures",
 "oxc_regular_expression",
 "oxc_span",
 "oxc_syntax",
 "smallvec",
]

[[package]]
name = "oxc_estree"
version = "0.142.0"
source = "registry+https://github.com/rust-lang/crates.io-index"
checksum = "f2284782be0ac819aa56b815e6448e140e9f4f2c917917ac4ffa8bd7ccc35a3b"

[[package]]
name = "oxc_index"
version = "5.0.0"
source = "registry+https://github.com/rust-lang/crates.io-index"
checksum = "191884bee6c3744909a51acc7d78d4ae370d817b25875b10642f632327b6296e"
dependencies = [
 "nonmax",
 "serde",
]

[[package]]
name = "oxc_isolated_declarations"
version = "0.142.0"
source = "registry+https://github.com/rust-lang/crates.io-index"
checksum = "a530fdc1dd320e7c5859a2dd84562831ef4369e8e0feb9d5730c3cc0a1eb1dc6"
dependencies = [
 "bitflags",
 "oxc_allocator",
 "oxc_ast",
 "oxc_ast_visit",
 "oxc_diagnostics",
 "oxc_ecmascript",
 "oxc_span",
 "oxc_str",
 "oxc_syntax",
 "rustc-hash",
]

[[package]]
name = "oxc_mangler"
version = "0.142.0"
source = "registry+https://github.com/rust-lang/crates.io-index"
checksum = "3bc28a6afde1b1709459b2abf5d4ff359d183c46823988b2b4d19b94652e78c6"
dependencies = [
 "itertools",
 "oxc_allocator",
 "oxc_ast",
 "oxc_data_structures",
 "oxc_ecmascript",
 "oxc_index",
 "oxc_semantic",
 "oxc_span",
 "oxc_str",
 "oxc_syntax",
 "rustc-hash",
]

[[package]]
name = "oxc_minifier"
version = "0.142.0"
source = "registry+https://github.com/rust-lang/crates.io-index"
checksum = "c94f49db01265438fb2889fb189440a323a56771096cb3b7d33a8ad665fccf2f"
dependencies = [
 "cow-utils",
 "itoa",
 "oxc_allocator",
 "oxc_ast",
 "oxc_ast_visit",
 "oxc_compat",
 "oxc_data_structures",
 "oxc_ecmascript",
 "oxc_index",
 "oxc_mangler",
 "oxc_parser",
 "oxc_regular_expression",
 "oxc_semantic",
 "oxc_span",
 "oxc_str",
 "oxc_syntax",
 "oxc_traverse",
 "rustc-hash",
]

[[package]]
name = "oxc_parser"
version = "0.142.0"
source = "registry+https://github.com/rust-lang/crates.io-index"
checksum = "ff65aedf1d4364457427d461b827cc43544c5275f2693144a4fdb5fe5c26fbd9"
dependencies = [
 "bitflags",
 "cow-utils",
 "memchr",
 "num-bigint",
 "num-traits",
 "oxc_allocator",
 "oxc_ast",
 "oxc_data_structures",
 "oxc_diagnostics",
 "oxc_ecmascript",
 "oxc_regular_expression",
 "oxc_span",
 "oxc_str",
 "oxc_syntax",
 "rustc-hash",
 "seq-macro",
]

[[package]]
name = "oxc_regular_expression"
version = "0.142.0"
source = "registry+https://github.com/rust-lang/crates.io-index"
checksum = "69bc0cfbcd78e42d9aaa72eccb77e62b4b85b671f5d08ff8430aeea9816a8273"
dependencies = [
 "bitflags",
 "oxc_allocator",
 "oxc_ast_macros",
 "oxc_diagnostics",
 "oxc_span",
 "oxc_str",
 "phf",
 "rustc-hash",
 "unicode-id-start",
]

[[package]]
name = "oxc_semantic"
version = "0.142.0"
source = "registry+https://github.com/rust-lang/crates.io-index"
checksum = "0293d641451efb4d29bd17ab44e413f8d5daa10e9dc541c7b30ddcf136fd0a4d"
dependencies = [
 "itertools",
 "memchr",
 "oxc_allocator",
 "oxc_ast",
 "oxc_ast_visit",
 "oxc_data_structures",
 "oxc_diagnostics",
 "oxc_ecmascript",
 "oxc_index",
 "oxc_span",
 "oxc_str",
 "oxc_syntax",
 "rustc-hash",
 "self_cell",
 "smallvec",
]

[[package]]
name = "oxc_sourcemap"
version = "8.1.2"
source = "registry+https://github.com/rust-lang/crates.io-index"
checksum = "b415102a94b483bbd76d13e850fe87961197e5795c79a8523ebec5d82025f94f"
dependencies = [
 "base64-simd",
 "json-escape-simd",
 "rustc-hash",
 "serde",
 "serde_json",
]

[[package]]
name = "oxc_span"
version = "0.142.0"
source = "registry+https://github.com/rust-lang/crates.io-index"
checksum = "890589be8c87e7c0f7a1f0331a9b8d362ebcd3e543125815daa942fd550b0121"
dependencies = [
 "compact_str",
 "oxc-miette",
 "oxc_allocator",
 "oxc_ast_macros",
 "oxc_estree",
 "oxc_str",
]

[[package]]
name = "oxc_str"
version = "0.142.0"
source = "registry+https://github.com/rust-lang/crates.io-index"
checksum = "91f2b9a92f74a8231f21fccfb4eef937d266a7323d9597ccdcd74c7ad0f951b1"
dependencies = [
 "compact_str",
 "hashbrown",
 "oxc_allocator",
 "oxc_estree",
]

[[package]]
name = "oxc_syntax"
version = "0.142.0"
source = "registry+https://github.com/rust-lang/crates.io-index"
checksum = "e54e5c73453878e194df8d77d5cdc9ef525fec8ad25c547cc87162318eda6adb"
dependencies = [
 "bitflags",
 "cow-utils",
 "dragonbox_ecma",
 "nonmax",
 "oxc_allocator",
 "oxc_ast_macros",
 "oxc_estree",
 "oxc_index",
 "oxc_span",
 "oxc_str",
 "phf",
 "unicode-id-start",
]

[[package]]
name = "oxc_transformer"
version = "0.142.0"
source = "registry+https://github.com/rust-lang/crates.io-index"
checksum = "e74da984fb38c22be1d251a73ade35359eab4400292f28e50cf7f1432f2b12b8"
dependencies = [
 "base64",
 "compact_str",
 "hmac-sha1-compact",
 "indexmap",
 "itoa",
 "memchr",
 "oxc_allocator",
 "oxc_ast",
 "oxc_ast_visit",
 "oxc_compat",
 "oxc_data_structures",
 "oxc_diagnostics",
 "oxc_ecmascript",
 "oxc_regular_expression",
 "oxc_semantic",
 "oxc_span",
 "oxc_str",
 "oxc_syntax",
 "oxc_traverse",
 "rustc-hash",
 "serde",
 "serde_json",
]

[[package]]
name = "oxc_transformer_plugins"
version = "0.142.0"
source = "registry+https://github.com/rust-lang/crates.io-index"
checksum = "4bccef06c1c405b4c60a33ef3547a28243a640686452b33a4d67a4b333b2263b"
dependencies = [
 "cow-utils",
 "itoa",
 "oxc_allocator",
 "oxc_ast",
 "oxc_ast_visit",
 "oxc_diagnostics",
 "oxc_ecmascript",
 "oxc_parser",
 "oxc_semantic",
 "oxc_span",
 "oxc_str",
 "oxc_syntax",
 "oxc_transformer",
 "oxc_traverse",
 "rustc-hash",
]

[[package]]
name = "oxc_traverse"
version = "0.142.0"
source = "registry+https://github.com/rust-lang/crates.io-index"
checksum = "9818ac3bf30b98c62780109fada61f6f2d2ce637ae53f94b18dcfad8f9a93600"
dependencies = [
 "itoa",
 "oxc_allocator",
 "oxc_ast",
 "oxc_ast_visit",
 "oxc_data_structures",
 "oxc_ecmascript",
 "oxc_semantic",
 "oxc_span",
 "oxc_str",
 "oxc_syntax",
 "rustc-hash",
]

[[package]]
name = "percent-encoding"
version = "2.3.2"
source = "registry+https://github.com/rust-lang/crates.io-index"
checksum = "9b4f627cb1b25917193a259e49bdad08f671f8d9708acfd5fe0a8c1455d87220"

[[package]]
name = "phf"
version = "0.14.0"
source = "registry+https://github.com/rust-lang/crates.io-index"
checksum = "010378780309880b08997fae13be7834dba947d36393bd372f2b1556deb2a2f6"
dependencies = [
 "phf_macros",
 "phf_shared",
 "serde",
]

[[package]]
name = "phf_generator"
version = "0.14.0"
source = "registry+https://github.com/rust-lang/crates.io-index"
checksum = "aeb62e0959d5a1bebc965f4d15d9e2b7cea002b6b0f5ba8cde6cc26738467100"
dependencies = [
 "fastrand",
 "phf_shared",
]

[[package]]
name = "phf_macros"
version = "0.14.0"
source = "registry+https://github.com/rust-lang/crates.io-index"
checksum = "5fa8d0ca26d424d27630da600c6624696e7dec8bf7b3b492b383c5dc49e5e085"
dependencies = [
 "phf_generator",
 "phf_shared",
 "proc-macro2",
 "quote",
 "syn 2.0.119",
]

[[package]]
name = "phf_shared"
version = "0.14.0"
source = "registry+https://github.com/rust-lang/crates.io-index"
checksum = "c6fd9027e2d9319be6349febd1db4e8d02aa544921200c9b777720ac34a3aa89"
dependencies = [
 "siphasher",
]

[[package]]
name = "postcard"
version = "1.1.3"
source = "registry+https://github.com/rust-lang/crates.io-index"
checksum = "6764c3b5dd454e283a30e6dfe78e9b31096d9e32036b5d1eaac7a6119ccb9a24"
dependencies = [
 "cobs",
 "embedded-io 0.4.0",
 "embedded-io 0.6.1",
 "serde",
]

[[package]]
name = "proc-macro2"
version = "1.0.107"
source = "registry+https://github.com/rust-lang/crates.io-index"
checksum = "985e7ec9bb745e6ce6535b544d84d6cd6f7ad8bd711c398938ae983b91a766d9"
dependencies = [
 "unicode-ident",
]

[[package]]
name = "quote"
version = "1.0.47"
source = "registry+https://github.com/rust-lang/crates.io-index"
checksum = "1fbf4db142a473a8d80c26bbf18454ed458bf8d26c8219c331daecfdbd079001"
dependencies = [
 "proc-macro2",
]

[[package]]
name = "ropey"
version = "1.6.1"
source = "registry+https://github.com/rust-lang/crates.io-index"
checksum = "93411e420bcd1a75ddd1dc3caf18c23155eda2c090631a85af21ba19e97093b5"
dependencies = [
 "smallvec",
 "str_indices",
]

[[package]]
name = "rustc-hash"
version = "2.1.3"
source = "registry+https://github.com/rust-lang/crates.io-index"
checksum = "6b1e7f9a428571be2dc5bc0505c13fb6bf936822b894ec87abf8a08a4e51742d"

[[package]]
name = "rustversion"
version = "1.0.23"
source = "registry+https://github.com/rust-lang/crates.io-index"
checksum = "cf54715a573b99ac80df0bc206da022bcd442c974952c7b9720069370852e21f"

[[package]]
name = "self_cell"
version = "1.3.0"
source = "registry+https://github.com/rust-lang/crates.io-index"
checksum = "2ab42ca02749e120097e328d91d415325bdf43b1c72c4c8badf37375fe40a813"

[[package]]
name = "seq-macro"
version = "0.3.6"
source = "registry+https://github.com/rust-lang/crates.io-index"
checksum = "1bc711410fbe7399f390ca1c3b60ad0f53f80e95c5eb935e52268a0e2cd49acc"

[[package]]
name = "serde"
version = "1.0.229"
source = "registry+https://github.com/rust-lang/crates.io-index"
checksum = "4148590afebada386688f18773da617792bf2ef03ffc1e4cbd2b1d45b023e0ba"
dependencies = [
 "serde_core",
 "serde_derive",
]

[[package]]
name = "serde_core"
version = "1.0.229"
source = "registry+https://github.com/rust-lang/crates.io-index"
checksum = "67dca2c9c51e58a4791a4b1ed58308b39c64224d349a935ab5039aa360942a48"
dependencies = [
 "serde_derive",
]

[[package]]
name = "serde_derive"
version = "1.0.229"
source = "registry+https://github.com/rust-lang/crates.io-index"
checksum = "e7a5d71263a5a7d47b41f6b3f06ba276f10cc18b0931f1799f710578e2309348"
dependencies = [
 "proc-macro2",
 "quote",
 "syn 3.0.3",
]

[[package]]
name = "serde_json"
version = "1.0.151"
source = "registry+https://github.com/rust-lang/crates.io-index"
checksum = "c841b55ecdae098c80dcae9cf767f6f8a0c2cdb3416bbef72181df4d0fe73f14"
dependencies = [
 "itoa",
 "memchr",
 "serde",
 "serde_core",
 "zmij",
]

[[package]]
name = "siphasher"
version = "1.0.3"
source = "registry+https://github.com/rust-lang/crates.io-index"
checksum = "8ee5873ec9cce0195efcb7a4e9507a04cd49aec9c83d0389df45b1ef7ba2e649"

[[package]]
name = "smallvec"
version = "1.15.2"
source = "registry+https://github.com/rust-lang/crates.io-index"
checksum = "8ed6a63f02c8539c91a8685a86f4099661ba3da017932f6ebbea6de3f0fa7c90"
dependencies = [
 "serde",
]

[[package]]
name = "smawk"
version = "0.3.3"
source = "registry+https://github.com/rust-lang/crates.io-index"
checksum = "e8e2fb0f499abb4d162f2bedad68f5ef91a1682b5a03596ddb67efd37768d100"

[[package]]
name = "static_assertions"
version = "1.1.0"
source = "registry+https://github.com/rust-lang/crates.io-index"
checksum = "a2eb9349b6444b326872e140eb1cf5e7c522154d69e7a0ffb0fb81c06b37543f"

[[package]]
name = "str_indices"
version = "0.4.4"
source = "registry+https://github.com/rust-lang/crates.io-index"
checksum = "d08889ec5408683408db66ad89e0e1f93dff55c73a4ccc71c427d5b277ee47e6"

[[package]]
name = "syn"
version = "2.0.119"
source = "registry+https://github.com/rust-lang/crates.io-index"
checksum = "872831b642d1a07999a962a351ed35b955ea2cfc8f3862091e2a240a84f17297"
dependencies = [
 "proc-macro2",
 "quote",
 "unicode-ident",
]

[[package]]
name = "syn"
version = "3.0.3"
source = "registry+https://github.com/rust-lang/crates.io-index"
checksum = "53e9bae58849f64dfa4f5d5ae372c8341f7305f82a3868709269343628b659a3"
dependencies = [
 "proc-macro2",
 "quote",
 "unicode-ident",
]

[[package]]
name = "textwrap"
version = "0.16.2"
source = "registry+https://github.com/rust-lang/crates.io-index"
checksum = "c13547615a44dc9c452a8a534638acdf07120d4b6847c8178705da06306a3057"
dependencies = [
 "smawk",
 "unicode-linebreak",
 "unicode-width",
]

[[package]]
name = "thiserror"
version = "2.0.19"
source = "registry+https://github.com/rust-lang/crates.io-index"
checksum = "09a43598840e33d5b0331f38c5e30d13bb11c11210a4b58f0d9b18a5a5eefcd9"
dependencies = [
 "thiserror-impl",
]

[[package]]
name = "thiserror-impl"
version = "2.0.19"
source = "registry+https://github.com/rust-lang/crates.io-index"
checksum = "43cbfe0cf76104d42a574802844187e84a305e531ed54455f11fbde0f10541cd"
dependencies = [
 "proc-macro2",
 "quote",
 "syn 3.0.3",
]

[[package]]
name = "unicode-id-start"
version = "1.4.0"
source = "registry+https://github.com/rust-lang/crates.io-index"
checksum = "81b79ad29b5e19de4260020f8919b443b2ef0277d242ce532ec7b7a2cc8b6007"

[[package]]
name = "unicode-ident"
version = "1.0.24"
source = "registry+https://github.com/rust-lang/crates.io-index"
checksum = "e6e4313cd5fcd3dad5cafa179702e2b244f760991f45397d14d4ebf38247da75"

[[package]]
name = "unicode-linebreak"
version = "0.1.5"
source = "registry+https://github.com/rust-lang/crates.io-index"
checksum = "3b09c83c3c29d37506a3e260c08c03743a6bb66a9cd432c6934ab501a190571f"

[[package]]
name = "unicode-segmentation"
version = "1.13.3"
source = "registry+https://github.com/rust-lang/crates.io-index"
checksum = "c6f5d3c3b1bf09027a88a6bc961fc00497d651009560b5463668dc81b0fa87a8"

[[package]]
name = "unicode-width"
version = "0.2.2"
source = "registry+https://github.com/rust-lang/crates.io-index"
checksum = "b4ac048d71ede7ee76d585517add45da530660ef4390e49b098733c6e897f254"

[[package]]
name = "vsimd"
version = "0.8.0"
source = "registry+https://github.com/rust-lang/crates.io-index"
checksum = "5c3082ca00d5a5ef149bb8b555a72ae84c9c59f7250f013ac822ac2e49b19c64"

[[package]]
name = "zmij"
version = "1.0.23"
source = "registry+https://github.com/rust-lang/crates.io-index"
checksum = "29666d0abbfad1e3dc4dcf6144730dd3a3ab225bbbdac83319345b1b44ccfc1b"
